
Microsoft Visual Studio Solution File, Format Version 12.00
# Visual Studio Version 17
VisualStudioVersion = 17.14.36518.9
MinimumVisualStudioVersion = 10.0.40219.1
Project("{2150E333-8FDC-42A3-9474-1A3956D46DE8}") = "Task0", "Task0", "{36D591C7-65C7-A0D1-1CBC-10CDE441BDC8}"
EndProject
Project("{FAE04EC0-301F-11D3-BF4B-00C04F79EFBC}") = "Tyuiu.BerezovskiyAS.Sprint1.Task0.V25", "Tyuiu.BerezovskiyAS.Sprint1.Task0.V25\Tyuiu.BerezovskiyAS.Sprint1.Task0.V25.csproj", "{0E6D0F11-8A9A-421F-9F55-765F70F492B2}"
EndProject
Project("{FAE04EC0-301F-11D3-BF4B-00C04F79EFBC}") = "Tyuiu.BerezovskiyAS.Sprint1.Task0.V25.Lib", "Tyuiu.BerezovskiyAS.Sprint1.Task0.V25.Lib\Tyuiu.BerezovskiyAS.Sprint1.Task0.V25.Lib.csproj", "{84076E1F-9DCE-41A0-9EF4-4C10F1D17D45}"
EndProject
Project("{FAE04EC0-301F-11D3-BF4B-00C04F79EFBC}") = "Tyuiu.BerezovskiyAS.Sprint1.Task0.V25.Test", "Tyuiu.BerezovskiyAS.Sprint1.Task0.V25.Test\Tyuiu.BerezovskiyAS.Sprint1.Task0.V25.Test.csproj", "{B9B3048D-2F5F-4100-AD1F-F60DDCF49773}"
EndProject
Project("{2150E333-8FDC-42A3-9474-1A3956D46DE8}") = "Task1", "Task1", "{02EA681E-C7D8-13C7-8484-4AC65E1B71E8}"
EndProject
Project("{FAE04EC0-301F-11D3-BF4B-00C04F79EFBC}") = "Tyuiu.BerezovskiyAS.Sprint1.Task1.V11", "Tyuiu.BerezovskiyAS.Sprint1.Task1.V11\Tyuiu.BerezovskiyAS.Sprint1.Task1.V11.csproj", "{5AB76AEC-6B0E-4785-B008-87B212CD84D9}"
EndProject
Project("{FAE04EC0-301F-11D3-BF4B-00C04F79EFBC}") = "Tyuiu.BerezovskiyAS.Sprint1.Task1.V11.Lib", "Tyuiu.BerezovskiyAS.Sprint1.Task1.V11.Lib\Tyuiu.BerezovskiyAS.Sprint1.Task1.V11.Lib.csproj", "{DAB111A0-B5E7-4580-B19F-AC49BA664E08}"
EndProject
Project("{FAE04EC0-301F-11D3-BF4B-00C04F79EFBC}") = "Tyuiu.BerezovskiyAS.Sprint1.Task1.V11.Test", "Tyuiu.BerezovskiyAS.Sprint1.Task1.V11.Test\Tyuiu.BerezovskiyAS.Sprint1.Task1.V11.Test.csproj", "{E45AA923-394A-4435-8373-D57806AB6865}"
EndProject
Project("{2150E333-8FDC-42A3-9474-1A3956D46DE8}") = "Task2", "Task2", "{BAE32B64-5264-4974-B001-E4A4D7016A85}"
EndProject
Project("{FAE04EC0-301F-11D3-BF4B-00C04F79EFBC}") = "Tyuiu.BerezovskiyAS.Sprint1.Task2.V28", "Tyuiu.BerezovskiyAS.Sprint1.Task2.V28\Tyuiu.BerezovskiyAS.Sprint1.Task2.V28.csproj", "{EF90679F-5847-4C90-B420-4C96B0D08D31}"
EndProject
Project("{FAE04EC0-301F-11D3-BF4B-00C04F79EFBC}") = "Tyuiu.BerezovskiyAS.Sprint1.Task2.V28.Lib", "Tyuiu.BerezovskiyAS.Sprint1.Task2.V28.Lib\Tyuiu.BerezovskiyAS.Sprint1.Task2.V28.Lib.csproj", "{4EAD49D7-ACB8-49C2-A5A5-7B1F226510DE}"
EndProject
Project("{FAE04EC0-301F-11D3-BF4B-00C04F79EFBC}") = "Tyuiu.BerezovskiyAS.Sprint1.Task2.V28.Test", "Tyuiu.BerezovskiyAS.Sprint1.Task2.V28.Test\Tyuiu.BerezovskiyAS.Sprint1.Task2.V28.Test.csproj", "{5369ECCE-1B01-456E-8963-50E31F35C01D}"
EndProject
Global
	GlobalSection(SolutionConfigurationPlatforms) = preSolution
		Debug|Any CPU = Debug|Any CPU
		Release|Any CPU = Release|Any CPU
	EndGlobalSection
	GlobalSection(ProjectConfigurationPlatforms) = postSolution
		{0E6D0F11-8A9A-421F-9F55-765F70F492B2}.Debug|Any CPU.ActiveCfg = Debug|Any CPU
		{0E6D0F11-8A9A-421F-9F55-765F70F492B2}.Debug|Any CPU.Build.0 = Debug|Any CPU
		{0E6D0F11-8A9A-421F-9F55-765F70F492B2}.Release|Any CPU.ActiveCfg = Release|Any CPU
		{0E6D0F11-8A9A-421F-9F55-765F70F492B2}.Release|Any CPU.Build.0 = Release|Any CPU
		{84076E1F-9DCE-41A0-9EF4-4C10F1D17D45}.Debug|Any CPU.ActiveCfg = Debug|Any CPU
		{84076E1F-9DCE-41A0-9EF4-4C10F1D17D45}.Debug|Any CPU.Build.0 = Debug|Any CPU
		{84076E1F-9DCE-41A0-9EF4-4C10F1D17D45}.Release|Any CPU.ActiveCfg = Release|Any CPU
		{84076E1F-9DCE-41A0-9EF4-4C10F1D17D45}.Release|Any CPU.Build.0 = Release|Any CPU
		{B9B3048D-2F5F-4100-AD1F-F60DDCF49773}.Debug|Any CPU.ActiveCfg = Debug|Any CPU
		{B9B3048D-2F5F-4100-AD1F-F60DDCF49773}.Debug|Any CPU.Build.0 = Debug|Any CPU
		{B9B3048D-2F5F-4100-AD1F-F60DDCF49773}.Release|Any CPU.ActiveCfg = Release|Any CPU
		{B9B3048D-2F5F-4100-AD1F-F60DDCF49773}.Release|Any CPU.Build.0 = Release|Any CPU
		{5AB76AEC-6B0E-4785-B008-87B212CD84D9}.Debug|Any CPU.ActiveCfg = Debug|Any CPU
		{5AB76AEC-6B0E-4785-B008-87B212CD84D9}.Debug|Any CPU.Build.0 = Debug|Any CPU
		{5AB76AEC-6B0E-4785-B008-87B212CD84D9}.Release|Any CPU.ActiveCfg = Release|Any CPU
		{5AB76AEC-6B0E-4785-B008-87B212CD84D9}.Release|Any CPU.Build.0 = Release|Any CPU
		{DAB111A0-B5E7-4580-B19F-AC49BA664E08}.Debug|Any CPU.ActiveCfg = Debug|Any CPU
		{DAB111A0-B5E7-4580-B19F-AC49BA664E08}.Debug|Any CPU.Build.0 = Debug|Any CPU
		{DAB111A0-B5E7-4580-B19F-AC49BA664E08}.Release|Any CPU.ActiveCfg = Release|Any CPU
		{DAB111A0-B5E7-4580-B19F-AC49BA664E08}.Release|Any CPU.Build.0 = Release|Any CPU
		{E45AA923-394A-4435-8373-D57806AB6865}.Debug|Any CPU.ActiveCfg = Debug|Any CPU
		{E45AA923-394A-4435-8373-D57806AB6865}.Debug|Any CPU.Build.0 = Debug|Any CPU
		{E45AA923-394A-4435-8373-D57806AB6865}.Release|Any CPU.ActiveCfg = Release|Any CPU
		{E45AA923-394A-4435-8373-D57806AB6865}.Release|Any CPU.Build.0 = Release|Any CPU
		{EF90679F-5847-4C90-B420-4C96B0D08D31}.Debug|Any CPU.ActiveCfg = Debug|Any CPU
		{EF90679F-5847-4C90-B420-4C96B0D08D31}.Debug|Any CPU.Build.0 = Debug|Any CPU
		{EF90679F-5847-4C90-B420-4C96B0D08D31}.Release|Any CPU.ActiveCfg = Release|Any CPU
		{EF90679F-5847-4C90-B420-4C96B0D08D31}.Release|Any CPU.Build.0 = Release|Any CPU
		{4EAD49D7-ACB8-49C2-A5A5-7B1F226510DE}.Debug|Any CPU.ActiveCfg = Debug|Any CPU
		{4EAD49D7-ACB8-49C2-A5A5-7B1F226510DE}.Debug|Any CPU.Build.0 = Debug|Any CPU
		{4EAD49D7-ACB8-49C2-A5A5-7B1F226510DE}.Release|Any CPU.ActiveCfg = Release|Any CPU
		{4EAD49D7-ACB8-49C2-A5A5-7B1F226510DE}.Release|Any CPU.Build.0 = Release|Any CPU
		{5369ECCE-1B01-456E-8963-50E31F35C01D}.Debug|Any CPU.ActiveCfg = Debug|Any CPU
		{5369ECCE-1B01-456E-8963-50E31F35C01D}.Debug|Any CPU.Build.0 = Debug|Any CPU
		{5369ECCE-1B01-456E-8963-50E31F35C01D}.Release|Any CPU.ActiveCfg = Release|Any CPU
		{5369ECCE-1B01-456E-8963-50E31F35C01D}.Release|Any CPU.Build.0 = Release|Any CPU
	EndGlobalSection
	GlobalSection(SolutionProperties) = preSolution
		HideSolutionNode = FALSE
	EndGlobalSection
	GlobalSection(NestedProjects) = preSolution
		{0E6D0F11-8A9A-421F-9F55-765F70F492B2} = {36D591C7-65C7-A0D1-1CBC-10CDE441BDC8}
		{84076E1F-9DCE-41A0-9EF4-4C10F1D17D45} = {36D591C7-65C7-A0D1-1CBC-10CDE441BDC8}
		{B9B3048D-2F5F-4100-AD1F-F60DDCF49773} = {36D591C7-65C7-A0D1-1CBC-10CDE441BDC8}
		{5AB76AEC-6B0E-4785-B008-87B212CD84D9} = {02EA681E-C7D8-13C7-8484-4AC65E1B71E8}
		{DAB111A0-B5E7-4580-B19F-AC49BA664E08} = {02EA681E-C7D8-13C7-8484-4AC65E1B71E8}
		{E45AA923-394A-4435-8373-D57806AB6865} = {02EA681E-C7D8-13C7-8484-4AC65E1B71E8}
		{EF90679F-5847-4C90-B420-4C96B0D08D31} = {BAE32B64-5264-4974-B001-E4A4D7016A85}
		{4EAD49D7-ACB8-49C2-A5A5-7B1F226510DE} = {BAE32B64-5264-4974-B001-E4A4D7016A85}
		{5369ECCE-1B01-456E-8963-50E31F35C01D} = {BAE32B64-5264-4974-B001-E4A4D7016A85}
	EndGlobalSection
	GlobalSection(ExtensibilityGlobals) = postSolution
		SolutionGuid = {BCFE45CA-7313-4F14-911E-D77E8FDF1B96}
	EndGlobalSection
EndGlobal
